
Microsoft Visual Studio Solution File, Format Version 12.00
# Visual Studio Version 16
VisualStudioVersion = 16.0.31515.178
MinimumVisualStudioVersion = 10.0.40219.1
Project("{FAE04EC0-301F-11D3-BF4B-00C04F79EFBC}") = "Structures_Demo1", "Structures_Demo1\Structures_Demo1.csproj", "{29639B21-3BA9-4671-A1C2-B6CBDFD749EE}"
EndProject
Global
	GlobalSection(SolutionConfigurationPlatforms) = preSolution
		Debug|Any CPU = Debug|Any CPU
		Release|Any CPU = Release|Any CPU
	EndGlobalSection
	GlobalSection(ProjectConfigurationPlatforms) = postSolution
		{29639B21-3BA9-4671-A1C2-B6CBDFD749EE}.Debug|Any CPU.ActiveCfg = Debug|Any CPU
		{29639B21-3BA9-4671-A1C2-B6CBDFD749EE}.Debug|Any CPU.Build.0 = Debug|Any CPU
		{29639B21-3BA9-4671-A1C2-B6CBDFD749EE}.Release|Any CPU.ActiveCfg = Release|Any CPU
		{29639B21-3BA9-4671-A1C2-B6CBDFD749EE}.Release|Any CPU.Build.0 = Release|Any CPU
	EndGlobalSection
	GlobalSection(SolutionProperties) = preSolution
		HideSolutionNode = FALSE
	EndGlobalSection
	GlobalSection(ExtensibilityGlobals) = postSolution
		SolutionGuid = {C0D9B9B8-9AC1-4E88-B117-A692DA10D16D}
	EndGlobalSection
EndGlobal
