
Microsoft Visual Studio Solution File, Format Version 12.00
# Visual Studio Version 16
VisualStudioVersion = 16.0.31321.278
MinimumVisualStudioVersion = 10.0.40219.1
Project("{FAE04EC0-301F-11D3-BF4B-00C04F79EFBC}") = "CSharpOOPSConcept3", "CSharpOOPSConcept3\CSharpOOPSConcept3.csproj", "{B30772C3-5D43-470F-88BD-B9CA13455177}"
EndProject
Project("{FAE04EC0-301F-11D3-BF4B-00C04F79EFBC}") = "AccessSpecifiers2", "AccessSpecifiers2\AccessSpecifiers2.csproj", "{6D3E3F3A-74F6-4382-B1B8-39AE53830991}"
EndProject
Global
	GlobalSection(SolutionConfigurationPlatforms) = preSolution
		Debug|Any CPU = Debug|Any CPU
		Release|Any CPU = Release|Any CPU
	EndGlobalSection
	GlobalSection(ProjectConfigurationPlatforms) = postSolution
		{B30772C3-5D43-470F-88BD-B9CA13455177}.Debug|Any CPU.ActiveCfg = Debug|Any CPU
		{B30772C3-5D43-470F-88BD-B9CA13455177}.Debug|Any CPU.Build.0 = Debug|Any CPU
		{B30772C3-5D43-470F-88BD-B9CA13455177}.Release|Any CPU.ActiveCfg = Release|Any CPU
		{B30772C3-5D43-470F-88BD-B9CA13455177}.Release|Any CPU.Build.0 = Release|Any CPU
		{6D3E3F3A-74F6-4382-B1B8-39AE53830991}.Debug|Any CPU.ActiveCfg = Debug|Any CPU
		{6D3E3F3A-74F6-4382-B1B8-39AE53830991}.Debug|Any CPU.Build.0 = Debug|Any CPU
		{6D3E3F3A-74F6-4382-B1B8-39AE53830991}.Release|Any CPU.ActiveCfg = Release|Any CPU
		{6D3E3F3A-74F6-4382-B1B8-39AE53830991}.Release|Any CPU.Build.0 = Release|Any CPU
	EndGlobalSection
	GlobalSection(SolutionProperties) = preSolution
		HideSolutionNode = FALSE
	EndGlobalSection
	GlobalSection(ExtensibilityGlobals) = postSolution
		SolutionGuid = {A91AB794-BD4D-43B8-B6BA-E2F44A4BDAC5}
	EndGlobalSection
EndGlobal
