
Microsoft Visual Studio Solution File, Format Version 12.00
# Visual Studio Version 16
VisualStudioVersion = 16.0.31321.278
MinimumVisualStudioVersion = 10.0.40219.1
Project("{FAE04EC0-301F-11D3-BF4B-00C04F79EFBC}") = "ENCAPSULATION", "ENCAPSULATION\ENCAPSULATION.csproj", "{8C7587C3-5BE4-449E-8D06-AAA48693603D}"
EndProject
Global
	GlobalSection(SolutionConfigurationPlatforms) = preSolution
		Debug|Any CPU = Debug|Any CPU
		Release|Any CPU = Release|Any CPU
	EndGlobalSection
	GlobalSection(ProjectConfigurationPlatforms) = postSolution
		{8C7587C3-5BE4-449E-8D06-AAA48693603D}.Debug|Any CPU.ActiveCfg = Debug|Any CPU
		{8C7587C3-5BE4-449E-8D06-AAA48693603D}.Debug|Any CPU.Build.0 = Debug|Any CPU
		{8C7587C3-5BE4-449E-8D06-AAA48693603D}.Release|Any CPU.ActiveCfg = Release|Any CPU
		{8C7587C3-5BE4-449E-8D06-AAA48693603D}.Release|Any CPU.Build.0 = Release|Any CPU
	EndGlobalSection
	GlobalSection(SolutionProperties) = preSolution
		HideSolutionNode = FALSE
	EndGlobalSection
	GlobalSection(ExtensibilityGlobals) = postSolution
		SolutionGuid = {7636CB50-25E9-4E97-9EB5-E61B4DBC831F}
	EndGlobalSection
EndGlobal
