
Microsoft Visual Studio Solution File, Format Version 12.00
# Visual Studio Version 16
VisualStudioVersion = 16.0.31515.178
MinimumVisualStudioVersion = 10.0.40219.1
Project("{FAE04EC0-301F-11D3-BF4B-00C04F79EFBC}") = "FilHandlingDemo", "FilHandlingDemo\FilHandlingDemo.csproj", "{E829A20C-ABE6-4834-8E85-C839E78FEC48}"
EndProject
Global
	GlobalSection(SolutionConfigurationPlatforms) = preSolution
		Debug|Any CPU = Debug|Any CPU
		Release|Any CPU = Release|Any CPU
	EndGlobalSection
	GlobalSection(ProjectConfigurationPlatforms) = postSolution
		{E829A20C-ABE6-4834-8E85-C839E78FEC48}.Debug|Any CPU.ActiveCfg = Debug|Any CPU
		{E829A20C-ABE6-4834-8E85-C839E78FEC48}.Debug|Any CPU.Build.0 = Debug|Any CPU
		{E829A20C-ABE6-4834-8E85-C839E78FEC48}.Release|Any CPU.ActiveCfg = Release|Any CPU
		{E829A20C-ABE6-4834-8E85-C839E78FEC48}.Release|Any CPU.Build.0 = Release|Any CPU
	EndGlobalSection
	GlobalSection(SolutionProperties) = preSolution
		HideSolutionNode = FALSE
	EndGlobalSection
	GlobalSection(ExtensibilityGlobals) = postSolution
		SolutionGuid = {1AE48D3D-4F7F-4431-A668-DD6C699E1372}
	EndGlobalSection
EndGlobal
