
Microsoft Visual Studio Solution File, Format Version 12.00
# Visual Studio Version 16
VisualStudioVersion = 16.0.31402.337
MinimumVisualStudioVersion = 10.0.40219.1
Project("{FAE04EC0-301F-11D3-BF4B-00C04F79EFBC}") = "Generic_Class", "Generic_Class\Generic_Class.csproj", "{2533D789-016E-4051-98A7-68736B81EEDF}"
EndProject
Global
	GlobalSection(SolutionConfigurationPlatforms) = preSolution
		Debug|Any CPU = Debug|Any CPU
		Release|Any CPU = Release|Any CPU
	EndGlobalSection
	GlobalSection(ProjectConfigurationPlatforms) = postSolution
		{2533D789-016E-4051-98A7-68736B81EEDF}.Debug|Any CPU.ActiveCfg = Debug|Any CPU
		{2533D789-016E-4051-98A7-68736B81EEDF}.Debug|Any CPU.Build.0 = Debug|Any CPU
		{2533D789-016E-4051-98A7-68736B81EEDF}.Release|Any CPU.ActiveCfg = Release|Any CPU
		{2533D789-016E-4051-98A7-68736B81EEDF}.Release|Any CPU.Build.0 = Release|Any CPU
	EndGlobalSection
	GlobalSection(SolutionProperties) = preSolution
		HideSolutionNode = FALSE
	EndGlobalSection
	GlobalSection(ExtensibilityGlobals) = postSolution
		SolutionGuid = {1DC69A76-40B9-4750-B6FB-905C71126877}
	EndGlobalSection
EndGlobal
