
Microsoft Visual Studio Solution File, Format Version 12.00
# Visual Studio Version 16
VisualStudioVersion = 16.0.31515.178
MinimumVisualStudioVersion = 10.0.40219.1
Project("{FAE04EC0-301F-11D3-BF4B-00C04F79EFBC}") = "GenericList2", "GenericList2\GenericList2.csproj", "{232C13B6-FA4B-4895-B78A-942E7D21B47E}"
EndProject
Global
	GlobalSection(SolutionConfigurationPlatforms) = preSolution
		Debug|Any CPU = Debug|Any CPU
		Release|Any CPU = Release|Any CPU
	EndGlobalSection
	GlobalSection(ProjectConfigurationPlatforms) = postSolution
		{232C13B6-FA4B-4895-B78A-942E7D21B47E}.Debug|Any CPU.ActiveCfg = Debug|Any CPU
		{232C13B6-FA4B-4895-B78A-942E7D21B47E}.Debug|Any CPU.Build.0 = Debug|Any CPU
		{232C13B6-FA4B-4895-B78A-942E7D21B47E}.Release|Any CPU.ActiveCfg = Release|Any CPU
		{232C13B6-FA4B-4895-B78A-942E7D21B47E}.Release|Any CPU.Build.0 = Release|Any CPU
	EndGlobalSection
	GlobalSection(SolutionProperties) = preSolution
		HideSolutionNode = FALSE
	EndGlobalSection
	GlobalSection(ExtensibilityGlobals) = postSolution
		SolutionGuid = {50C2B8BE-1EDE-424A-9244-EBCD104E4CE1}
	EndGlobalSection
EndGlobal
