
Microsoft Visual Studio Solution File, Format Version 12.00
# Visual Studio Version 16
VisualStudioVersion = 16.0.31515.178
MinimumVisualStudioVersion = 10.0.40219.1
Project("{FAE04EC0-301F-11D3-BF4B-00C04F79EFBC}") = "Params_demo", "Params_demo\Params_demo.csproj", "{3B43B837-32D7-4EC9-8438-312F89C8D639}"
EndProject
Global
	GlobalSection(SolutionConfigurationPlatforms) = preSolution
		Debug|Any CPU = Debug|Any CPU
		Release|Any CPU = Release|Any CPU
	EndGlobalSection
	GlobalSection(ProjectConfigurationPlatforms) = postSolution
		{3B43B837-32D7-4EC9-8438-312F89C8D639}.Debug|Any CPU.ActiveCfg = Debug|Any CPU
		{3B43B837-32D7-4EC9-8438-312F89C8D639}.Debug|Any CPU.Build.0 = Debug|Any CPU
		{3B43B837-32D7-4EC9-8438-312F89C8D639}.Release|Any CPU.ActiveCfg = Release|Any CPU
		{3B43B837-32D7-4EC9-8438-312F89C8D639}.Release|Any CPU.Build.0 = Release|Any CPU
	EndGlobalSection
	GlobalSection(SolutionProperties) = preSolution
		HideSolutionNode = FALSE
	EndGlobalSection
	GlobalSection(ExtensibilityGlobals) = postSolution
		SolutionGuid = {6E98470A-8976-44C5-AE3B-74221987AB98}
	EndGlobalSection
EndGlobal
