
Microsoft Visual Studio Solution File, Format Version 12.00
# Visual Studio Version 16
VisualStudioVersion = 16.0.31402.337
MinimumVisualStudioVersion = 10.0.40219.1
Project("{FAE04EC0-301F-11D3-BF4B-00C04F79EFBC}") = "multiple_inheritance", "multiple_inheritance\multiple_inheritance.csproj", "{A81F3872-DD8B-4CA6-B998-FDF91F97B27A}"
EndProject
Global
	GlobalSection(SolutionConfigurationPlatforms) = preSolution
		Debug|Any CPU = Debug|Any CPU
		Release|Any CPU = Release|Any CPU
	EndGlobalSection
	GlobalSection(ProjectConfigurationPlatforms) = postSolution
		{A81F3872-DD8B-4CA6-B998-FDF91F97B27A}.Debug|Any CPU.ActiveCfg = Debug|Any CPU
		{A81F3872-DD8B-4CA6-B998-FDF91F97B27A}.Debug|Any CPU.Build.0 = Debug|Any CPU
		{A81F3872-DD8B-4CA6-B998-FDF91F97B27A}.Release|Any CPU.ActiveCfg = Release|Any CPU
		{A81F3872-DD8B-4CA6-B998-FDF91F97B27A}.Release|Any CPU.Build.0 = Release|Any CPU
	EndGlobalSection
	GlobalSection(SolutionProperties) = preSolution
		HideSolutionNode = FALSE
	EndGlobalSection
	GlobalSection(ExtensibilityGlobals) = postSolution
		SolutionGuid = {C0812E42-B2BB-4DA9-A40B-25FAD8BB38EB}
	EndGlobalSection
EndGlobal
