
Microsoft Visual Studio Solution File, Format Version 12.00
# Visual Studio Version 16
VisualStudioVersion = 16.0.31402.337
MinimumVisualStudioVersion = 10.0.40219.1
Project("{FAE04EC0-301F-11D3-BF4B-00C04F79EFBC}") = "Generics", "Generics\Generics.csproj", "{BC8F5A21-4914-4E09-8632-E4391ED517DB}"
EndProject
Global
	GlobalSection(SolutionConfigurationPlatforms) = preSolution
		Debug|Any CPU = Debug|Any CPU
		Release|Any CPU = Release|Any CPU
	EndGlobalSection
	GlobalSection(ProjectConfigurationPlatforms) = postSolution
		{BC8F5A21-4914-4E09-8632-E4391ED517DB}.Debug|Any CPU.ActiveCfg = Debug|Any CPU
		{BC8F5A21-4914-4E09-8632-E4391ED517DB}.Debug|Any CPU.Build.0 = Debug|Any CPU
		{BC8F5A21-4914-4E09-8632-E4391ED517DB}.Release|Any CPU.ActiveCfg = Release|Any CPU
		{BC8F5A21-4914-4E09-8632-E4391ED517DB}.Release|Any CPU.Build.0 = Release|Any CPU
	EndGlobalSection
	GlobalSection(SolutionProperties) = preSolution
		HideSolutionNode = FALSE
	EndGlobalSection
	GlobalSection(ExtensibilityGlobals) = postSolution
		SolutionGuid = {2532EB63-5DDC-4BF3-8214-F8B03B5A2CEE}
	EndGlobalSection
EndGlobal
