
Microsoft Visual Studio Solution File, Format Version 12.00
# Visual Studio Version 16
VisualStudioVersion = 16.0.30907.101
MinimumVisualStudioVersion = 10.0.40219.1
Project("{FAE04EC0-301F-11D3-BF4B-00C04F79EFBC}") = "CSharpOOPSConcept", "CSharpOOPSConcept\CSharpOOPSConcept.csproj", "{0C7317C9-6850-486A-82D0-73DCDD1F33F7}"
EndProject
Global
	GlobalSection(SolutionConfigurationPlatforms) = preSolution
		Debug|Any CPU = Debug|Any CPU
		Release|Any CPU = Release|Any CPU
	EndGlobalSection
	GlobalSection(ProjectConfigurationPlatforms) = postSolution
		{0C7317C9-6850-486A-82D0-73DCDD1F33F7}.Debug|Any CPU.ActiveCfg = Debug|Any CPU
		{0C7317C9-6850-486A-82D0-73DCDD1F33F7}.Debug|Any CPU.Build.0 = Debug|Any CPU
		{0C7317C9-6850-486A-82D0-73DCDD1F33F7}.Release|Any CPU.ActiveCfg = Release|Any CPU
		{0C7317C9-6850-486A-82D0-73DCDD1F33F7}.Release|Any CPU.Build.0 = Release|Any CPU
	EndGlobalSection
	GlobalSection(SolutionProperties) = preSolution
		HideSolutionNode = FALSE
	EndGlobalSection
	GlobalSection(ExtensibilityGlobals) = postSolution
		SolutionGuid = {409D042F-430C-434D-A7AA-DD59B171F330}
	EndGlobalSection
EndGlobal
